<?xml version="1.0" encoding="utf-8"?>
<Project ToolsVersion="4.0" xmlns="http://schemas.microsoft.com/developer/msbuild/2003">
  <ItemGroup>
    <ClCompile Include="APIMain.cpp">
      <Filter>0_Main</Filter>
    </ClCompile>
    <ClCompile Include="PgTime.cpp">
      <Filter>2_PgTime</Filter>
    </ClCompile>
    <ClCompile Include="PgInput.cpp">
      <Filter>1_PgInput</Filter>
    </ClCompile>
    <ClCompile Include="PgRayCast.cpp">
      <Filter>3_RayCast</Filter>
    </ClCompile>
  </ItemGroup>
  <ItemGroup>
    <ClInclude Include="KeyCodeType.h" />
    <ClInclude Include="APIMain.h">
      <Filter>0_Main</Filter>
    </ClInclude>
    <ClInclude Include="PgInput.h">
      <Filter>1_PgInput</Filter>
    </ClInclude>
    <ClInclude Include="PgTime.h">
      <Filter>2_PgTime</Filter>
    </ClInclude>
    <ClInclude Include="PgRayCast.h">
      <Filter>3_RayCast</Filter>
    </ClInclude>
  </ItemGroup>
  <ItemGroup>
    <ClCompile Include="APIMain.cpp">
      <Filter>0_Main</Filter>
    </ClCompile>
    <ClCompile Include="PgInput.cpp">
      <Filter>2_Input</Filter>
    </ClCompile>
  </ItemGroup>
  <ItemGroup>
    <Filter Include="0_Main">
      <UniqueIdentifier>{aae0206b-fad3-4271-8437-0c20c1703ab4}</UniqueIdentifier>
    </Filter>
    <Filter Include="1_PgInput">
      <UniqueIdentifier>{1352dff1-b3fa-4c1c-a88a-b28664cb30bc}</UniqueIdentifier>
    </Filter>
    <Filter Include="2_PgTime">
      <UniqueIdentifier>{75c7ac1e-f195-4d67-98a1-2bd2d7a7568c}</UniqueIdentifier>
    </Filter>
    <Filter Include="3_RayCast">
      <UniqueIdentifier>{effa09d3-2c43-41e8-b51d-a0728af63d62}</UniqueIdentifier>
    </Filter>
  </ItemGroup>
</Project>