<?xml version="1.0" encoding="utf-8"?>
<Project ToolsVersion="4.0" xmlns="http://schemas.microsoft.com/developer/msbuild/2003">
  <ItemGroup>
    <Filter Include="PgMath">
      <UniqueIdentifier>{0aab8b22-3742-410e-93bf-88db72b486cd}</UniqueIdentifier>
    </Filter>
  </ItemGroup>
  <ItemGroup>
    <ClInclude Include="PgMath.h">
      <Filter>PgMath</Filter>
    </ClInclude>
  </ItemGroup>
  <ItemGroup>
    <ClCompile Include="PgMath.cpp">
      <Filter>PgMath</Filter>
    </ClCompile>
  </ItemGroup>
  <ItemGroup>
    <ClInclude Include="APIMain.h" />
  </ItemGroup>
  <ItemGroup>
    <ClCompile Include="APIMain.cpp" />
  </ItemGroup>

</Project>