
Microsoft Visual Studio Solution File, Format Version 12.00
# Visual Studio Version 17
VisualStudioVersion = 17.7.34018.315
MinimumVisualStudioVersion = 10.0.40219.1
Project("{8BC9CEB8-8B4A-11D0-8D11-00A0C91BC942}") = "ParagonGameEngine", "ParagonGameEngine\ParagonGameEngine.vcxproj", "{81FBF0AB-8941-4AE7-9D4E-385B16FD32FC}"
	ProjectSection(ProjectDependencies) = postProject
		{3F21CDC8-F127-4135-BB69-A870BE2D973B} = {3F21CDC8-F127-4135-BB69-A870BE2D973B}
		{42B02262-C7F1-450A-B5D4-A070546F6F18} = {42B02262-C7F1-450A-B5D4-A070546F6F18}
		{CE49D5CD-6B7E-47E7-AD1B-BB93BA556CAC} = {CE49D5CD-6B7E-47E7-AD1B-BB93BA556CAC}
	EndProjectSection
EndProject
Project("{8BC9CEB8-8B4A-11D0-8D11-00A0C91BC942}") = "ParagonCore", "ParagonCore\ParagonCore.vcxproj", "{3F21CDC8-F127-4135-BB69-A870BE2D973B}"
	ProjectSection(ProjectDependencies) = postProject
		{42B02262-C7F1-450A-B5D4-A070546F6F18} = {42B02262-C7F1-450A-B5D4-A070546F6F18}
		{CE49D5CD-6B7E-47E7-AD1B-BB93BA556CAC} = {CE49D5CD-6B7E-47E7-AD1B-BB93BA556CAC}
	EndProjectSection
EndProject
Project("{8BC9CEB8-8B4A-11D0-8D11-00A0C91BC942}") = "ParagonGraphics", "ParagonGraphics\ParagonGraphics.vcxproj", "{C17D1F22-3A54-4E41-A57F-0CDB667C6B8E}"
	ProjectSection(ProjectDependencies) = postProject
		{3F21CDC8-F127-4135-BB69-A870BE2D973B} = {3F21CDC8-F127-4135-BB69-A870BE2D973B}
		{42B02262-C7F1-450A-B5D4-A070546F6F18} = {42B02262-C7F1-450A-B5D4-A070546F6F18}
		{CE49D5CD-6B7E-47E7-AD1B-BB93BA556CAC} = {CE49D5CD-6B7E-47E7-AD1B-BB93BA556CAC}
	EndProjectSection
EndProject
Project("{8BC9CEB8-8B4A-11D0-8D11-00A0C91BC942}") = "ParagonUtil", "ParagonUtil\ParagonUtil.vcxproj", "{CE49D5CD-6B7E-47E7-AD1B-BB93BA556CAC}"
	ProjectSection(ProjectDependencies) = postProject
		{42B02262-C7F1-450A-B5D4-A070546F6F18} = {42B02262-C7F1-450A-B5D4-A070546F6F18}
	EndProjectSection
EndProject
Project("{8BC9CEB8-8B4A-11D0-8D11-00A0C91BC942}") = "ParagonClient", "ParagonClient\ParagonClient.vcxproj", "{D9BDE3D7-2C72-4669-A69E-8AB0979481D3}"
	ProjectSection(ProjectDependencies) = postProject
		{3F21CDC8-F127-4135-BB69-A870BE2D973B} = {3F21CDC8-F127-4135-BB69-A870BE2D973B}
		{42B02262-C7F1-450A-B5D4-A070546F6F18} = {42B02262-C7F1-450A-B5D4-A070546F6F18}
		{81FBF0AB-8941-4AE7-9D4E-385B16FD32FC} = {81FBF0AB-8941-4AE7-9D4E-385B16FD32FC}
		{C17D1F22-3A54-4E41-A57F-0CDB667C6B8E} = {C17D1F22-3A54-4E41-A57F-0CDB667C6B8E}
		{CE49D5CD-6B7E-47E7-AD1B-BB93BA556CAC} = {CE49D5CD-6B7E-47E7-AD1B-BB93BA556CAC}
	EndProjectSection
EndProject
Project("{8BC9CEB8-8B4A-11D0-8D11-00A0C91BC942}") = "ParagonAPI", "ParagonAPI\ParagonAPI.vcxproj", "{42B02262-C7F1-450A-B5D4-A070546F6F18}"
EndProject
Global
	GlobalSection(SolutionConfigurationPlatforms) = preSolution
		Debug|x64 = Debug|x64
		Debug|x86 = Debug|x86
		Release|x64 = Release|x64
		Release|x86 = Release|x86
	EndGlobalSection
	GlobalSection(ProjectConfigurationPlatforms) = postSolution
		{81FBF0AB-8941-4AE7-9D4E-385B16FD32FC}.Debug|x64.ActiveCfg = Debug|x64
		{81FBF0AB-8941-4AE7-9D4E-385B16FD32FC}.Debug|x64.Build.0 = Debug|x64
		{81FBF0AB-8941-4AE7-9D4E-385B16FD32FC}.Debug|x86.ActiveCfg = Debug|Win32
		{81FBF0AB-8941-4AE7-9D4E-385B16FD32FC}.Debug|x86.Build.0 = Debug|Win32
		{81FBF0AB-8941-4AE7-9D4E-385B16FD32FC}.Release|x64.ActiveCfg = Release|x64
		{81FBF0AB-8941-4AE7-9D4E-385B16FD32FC}.Release|x64.Build.0 = Release|x64
		{81FBF0AB-8941-4AE7-9D4E-385B16FD32FC}.Release|x86.ActiveCfg = Release|Win32
		{81FBF0AB-8941-4AE7-9D4E-385B16FD32FC}.Release|x86.Build.0 = Release|Win32
		{3F21CDC8-F127-4135-BB69-A870BE2D973B}.Debug|x64.ActiveCfg = Debug|x64
		{3F21CDC8-F127-4135-BB69-A870BE2D973B}.Debug|x64.Build.0 = Debug|x64
		{3F21CDC8-F127-4135-BB69-A870BE2D973B}.Debug|x86.ActiveCfg = Debug|Win32
		{3F21CDC8-F127-4135-BB69-A870BE2D973B}.Debug|x86.Build.0 = Debug|Win32
		{3F21CDC8-F127-4135-BB69-A870BE2D973B}.Release|x64.ActiveCfg = Release|x64
		{3F21CDC8-F127-4135-BB69-A870BE2D973B}.Release|x64.Build.0 = Release|x64
		{3F21CDC8-F127-4135-BB69-A870BE2D973B}.Release|x86.ActiveCfg = Release|Win32
		{3F21CDC8-F127-4135-BB69-A870BE2D973B}.Release|x86.Build.0 = Release|Win32
		{C17D1F22-3A54-4E41-A57F-0CDB667C6B8E}.Debug|x64.ActiveCfg = Debug|x64
		{C17D1F22-3A54-4E41-A57F-0CDB667C6B8E}.Debug|x64.Build.0 = Debug|x64
		{C17D1F22-3A54-4E41-A57F-0CDB667C6B8E}.Debug|x86.ActiveCfg = Debug|Win32
		{C17D1F22-3A54-4E41-A57F-0CDB667C6B8E}.Debug|x86.Build.0 = Debug|Win32
		{C17D1F22-3A54-4E41-A57F-0CDB667C6B8E}.Release|x64.ActiveCfg = Release|x64
		{C17D1F22-3A54-4E41-A57F-0CDB667C6B8E}.Release|x64.Build.0 = Release|x64
		{C17D1F22-3A54-4E41-A57F-0CDB667C6B8E}.Release|x86.ActiveCfg = Release|Win32
		{C17D1F22-3A54-4E41-A57F-0CDB667C6B8E}.Release|x86.Build.0 = Release|Win32
		{CE49D5CD-6B7E-47E7-AD1B-BB93BA556CAC}.Debug|x64.ActiveCfg = Debug|x64
		{CE49D5CD-6B7E-47E7-AD1B-BB93BA556CAC}.Debug|x64.Build.0 = Debug|x64
		{CE49D5CD-6B7E-47E7-AD1B-BB93BA556CAC}.Debug|x86.ActiveCfg = Debug|Win32
		{CE49D5CD-6B7E-47E7-AD1B-BB93BA556CAC}.Debug|x86.Build.0 = Debug|Win32
		{CE49D5CD-6B7E-47E7-AD1B-BB93BA556CAC}.Release|x64.ActiveCfg = Release|x64
		{CE49D5CD-6B7E-47E7-AD1B-BB93BA556CAC}.Release|x64.Build.0 = Release|x64
		{CE49D5CD-6B7E-47E7-AD1B-BB93BA556CAC}.Release|x86.ActiveCfg = Release|Win32
		{CE49D5CD-6B7E-47E7-AD1B-BB93BA556CAC}.Release|x86.Build.0 = Release|Win32
		{D9BDE3D7-2C72-4669-A69E-8AB0979481D3}.Debug|x64.ActiveCfg = Debug|x64
		{D9BDE3D7-2C72-4669-A69E-8AB0979481D3}.Debug|x64.Build.0 = Debug|x64
		{D9BDE3D7-2C72-4669-A69E-8AB0979481D3}.Debug|x86.ActiveCfg = Debug|Win32
		{D9BDE3D7-2C72-4669-A69E-8AB0979481D3}.Debug|x86.Build.0 = Debug|Win32
		{D9BDE3D7-2C72-4669-A69E-8AB0979481D3}.Release|x64.ActiveCfg = Release|x64
		{D9BDE3D7-2C72-4669-A69E-8AB0979481D3}.Release|x64.Build.0 = Release|x64
		{D9BDE3D7-2C72-4669-A69E-8AB0979481D3}.Release|x86.ActiveCfg = Release|Win32
		{D9BDE3D7-2C72-4669-A69E-8AB0979481D3}.Release|x86.Build.0 = Release|Win32
		{42B02262-C7F1-450A-B5D4-A070546F6F18}.Debug|x64.ActiveCfg = Debug|x64
		{42B02262-C7F1-450A-B5D4-A070546F6F18}.Debug|x64.Build.0 = Debug|x64
		{42B02262-C7F1-450A-B5D4-A070546F6F18}.Debug|x86.ActiveCfg = Debug|Win32
		{42B02262-C7F1-450A-B5D4-A070546F6F18}.Debug|x86.Build.0 = Debug|Win32
		{42B02262-C7F1-450A-B5D4-A070546F6F18}.Release|x64.ActiveCfg = Release|x64
		{42B02262-C7F1-450A-B5D4-A070546F6F18}.Release|x64.Build.0 = Release|x64
		{42B02262-C7F1-450A-B5D4-A070546F6F18}.Release|x86.ActiveCfg = Release|Win32
		{42B02262-C7F1-450A-B5D4-A070546F6F18}.Release|x86.Build.0 = Release|Win32
	EndGlobalSection
	GlobalSection(SolutionProperties) = preSolution
		HideSolutionNode = FALSE
	EndGlobalSection
	GlobalSection(ExtensibilityGlobals) = postSolution
		SolutionGuid = {1D2900B6-3CB6-484F-AB86-5127DF99A975}
	EndGlobalSection
EndGlobal
