<?xml version="1.0" encoding="utf-8"?>
<Project ToolsVersion="4.0" xmlns="http://schemas.microsoft.com/developer/msbuild/2003">
  <ItemGroup>
    <Filter Include="1_Application">
      <UniqueIdentifier>{7d201aa4-fe18-4edf-bdf7-7a51d170cfe0}</UniqueIdentifier>
    </Filter>
    <Filter Include="0_main">
      <UniqueIdentifier>{eeda2a44-8f52-4264-9ba3-b644b6271a46}</UniqueIdentifier>
    </Filter>
  </ItemGroup>
  <ItemGroup>
    <ClCompile Include="main.cpp">
      <Filter>0_main</Filter>
    </ClCompile>
    <ClCompile Include="Application.cpp">
      <Filter>1_Application</Filter>
    </ClCompile>
  </ItemGroup>
  <ItemGroup>
    <ClInclude Include="Application.h">
      <Filter>1_Application</Filter>
    </ClInclude>
  </ItemGroup>
</Project>