<?xml version="1.0" encoding="utf-8"?>
<Project ToolsVersion="4.0" xmlns="http://schemas.microsoft.com/developer/msbuild/2003">

  <ItemGroup>
<ClInclude Include="GraphicsMain.h">
      <Filter>0_Main</Filter>
    </ClInclude>
  </ItemGroup>
  <ItemGroup>
    <ClCompile Include="GraphicsMain.cpp">
      <Filter>0_Main</Filter>
    </ClCompile>
  </ItemGroup>
  <ItemGroup>    <Filter Include="0_Main">
      <UniqueIdentifier>{dc50f58a-6093-474d-8e66-756fc4fc2f53}</UniqueIdentifier>
    </Filter>
  </ItemGroup>
</Project>