<?xml version="1.0" encoding="utf-8"?>
<Project ToolsVersion="4.0" xmlns="http://schemas.microsoft.com/developer/msbuild/2003">
  <ItemGroup>
    <ClInclude Include="GraphicsMain.h">
      <Filter>0_Main</Filter>
    </ClInclude>
    <ClInclude Include="GraphicsDLLExporter.h">
      <Filter>1_DLLExporter</Filter>
    </ClInclude>
    <ClInclude Include="DX11Headers.h">
      <Filter>5_Misc</Filter>
    </ClInclude>
    <ClInclude Include="LowDX11Logic.h">
      <Filter>2_LowDX11</Filter>
    </ClInclude>
    <ClInclude Include="LowDX11Storage.h">
      <Filter>2_LowDX11</Filter>
    </ClInclude>
    <ClInclude Include="ParagonRenderer.h">
      <Filter>5_Misc</Filter>
    </ClInclude>
    <ClInclude Include="GraphicsResourceManager.h">
      <Filter>6_GraphicsResources\GraphicsResourceManager</Filter>
    </ClInclude>
    <ClInclude Include="ConstantBuffer.h">
      <Filter>3_DX11Wrapper</Filter>
    </ClInclude>
    <ClInclude Include="TempCamera.h">
      <Filter>5_Misc</Filter>
    </ClInclude>
    <ClInclude Include="MathHelper.h" />
    <ClInclude Include="Shader.h">
      <Filter>3_DX11Wrapper\Shader</Filter>
    </ClInclude>
    <ClInclude Include="VertexShader.h">
      <Filter>3_DX11Wrapper\Shader</Filter>
    </ClInclude>
    <ClInclude Include="PixelShader.h">
      <Filter>3_DX11Wrapper\Shader</Filter>
    </ClInclude>
    <ClInclude Include="TestCube.h" />
    <ClInclude Include="ConstantBufferBase.h" />
  </ItemGroup>
  <ItemGroup>
    <ClCompile Include="GraphicsMain.cpp">
      <Filter>0_Main</Filter>
    </ClCompile>
    <ClCompile Include="LowDX11Logic.cpp">
      <Filter>2_LowDX11</Filter>
    </ClCompile>
    <ClCompile Include="LowDX11Storage.cpp">
      <Filter>2_LowDX11</Filter>
    </ClCompile>
    <ClCompile Include="ParagonRenderer.cpp">
      <Filter>5_Misc</Filter>
    </ClCompile>
    <ClCompile Include="GraphicsResourceManager.cpp">
      <Filter>6_GraphicsResources\GraphicsResourceManager</Filter>
    </ClCompile>
    <ClCompile Include="TempCamera.cpp">
      <Filter>5_Misc</Filter>
    </ClCompile>
    <ClCompile Include="MathHelper.cpp" />
    <ClCompile Include="Shader.cpp">
      <Filter>3_DX11Wrapper\Shader</Filter>
    </ClCompile>
    <ClCompile Include="VertexShader.cpp">
      <Filter>3_DX11Wrapper\Shader</Filter>
    </ClCompile>
    <ClCompile Include="PixelShader.cpp">
      <Filter>3_DX11Wrapper\Shader</Filter>
    </ClCompile>
    <ClCompile Include="TestCube.cpp" />
    <ClCompile Include="ConstantBufferBase.cpp" />
  </ItemGroup>
  <ItemGroup>
    <Filter Include="0_Main">
      <UniqueIdentifier>{dc50f58a-6093-474d-8e66-756fc4fc2f53}</UniqueIdentifier>
    </Filter>
    <Filter Include="1_DLLExporter">
      <UniqueIdentifier>{2a9d5051-b3e8-4e99-9390-c294040bed50}</UniqueIdentifier>
    </Filter>
    <Filter Include="4_HLSL">
      <UniqueIdentifier>{77b7d216-140c-4cfc-8018-b14b1c0dbd24}</UniqueIdentifier>
    </Filter>
    <Filter Include="5_Misc">
      <UniqueIdentifier>{aa7de633-70a4-451c-a86e-ad1527be0c5e}</UniqueIdentifier>
    </Filter>
    <Filter Include="2_LowDX11">
      <UniqueIdentifier>{577db36a-a07a-4467-ba45-4eee9ec08406}</UniqueIdentifier>
    </Filter>
    <Filter Include="3_DX11Wrapper">
      <UniqueIdentifier>{2e73b48d-9840-40d0-ab2e-e84226b43f13}</UniqueIdentifier>
    </Filter>
    <Filter Include="6_GraphicsResources">
      <UniqueIdentifier>{650e58e0-fcc6-485b-86a0-e101de1badf0}</UniqueIdentifier>
    </Filter>
    <Filter Include="6_GraphicsResources\GraphicsResourceManager">
      <UniqueIdentifier>{0354da4f-fbf0-453e-a48b-c872c06bdd9f}</UniqueIdentifier>
    </Filter>
    <Filter Include="3_DX11Wrapper\Shader">
      <UniqueIdentifier>{cbc5a6ca-3861-4110-afef-551c8d1d0b32}</UniqueIdentifier>
    </Filter>
  </ItemGroup>
  <ItemGroup>
    <FxCompile Include="VertexShader.hlsl">
      <Filter>4_HLSL</Filter>
    </FxCompile>
    <FxCompile Include="PixelShader.hlsl">
      <Filter>4_HLSL</Filter>
    </FxCompile>
  </ItemGroup>
</Project>